// !$*UTF8*$!
{
	archiveVersion = 1;
	classes = {
	};
	objectVersion = 50;
	objects = {

/* Begin PBXBuildFile section */
		EF0F3F9923F2277C00521175 /* AppDelegate.swift in Sources */ = {isa = PBXBuildFile; fileRef = EF0F3F9823F2277C00521175 /* AppDelegate.swift */; };
		EF0F3F9B23F2277C00521175 /* SceneDelegate.swift in Sources */ = {isa = PBXBuildFile; fileRef = EF0F3F9A23F2277C00521175 /* SceneDelegate.swift */; };
		EF0F3F9D23F2277C00521175 /* ViewController.swift in Sources */ = {isa = PBXBuildFile; fileRef = EF0F3F9C23F2277C00521175 /* ViewController.swift */; };
		EF0F3FA023F2277C00521175 /* Main.storyboard in Resources */ = {isa = PBXBuildFile; fileRef = EF0F3F9E23F2277C00521175 /* Main.storyboard */; };
		EF0F3FA223F2277E00521175 /* Assets.xcassets in Resources */ = {isa = PBXBuildFile; fileRef = EF0F3FA123F2277E00521175 /* Assets.xcassets */; };
		EF0F3FA523F2277E00521175 /* LaunchScreen.storyboard in Resources */ = {isa = PBXBuildFile; fileRef = EF0F3FA323F2277E00521175 /* LaunchScreen.storyboard */; };
		EF0F3FB023F2428800521175 /* DogAPI.swift in Sources */ = {isa = PBXBuildFile; fileRef = EF0F3FAF23F2428800521175 /* DogAPI.swift */; };
		EF0F3FB223F24CE400521175 /* DogImage.swift in Sources */ = {isa = PBXBuildFile; fileRef = EF0F3FB123F24CE400521175 /* DogImage.swift */; };
		EF3F631C23F514130023D3BF /* BreedListResponse.swift in Sources */ = {isa = PBXBuildFile; fileRef = EF3F631B23F514130023D3BF /* BreedListResponse.swift */; };
		EF60E08B2539309C00533358 /* randog.mp4 in Resources */ = {isa = PBXBuildFile; fileRef = EF60E08A2539309C00533358 /* randog.mp4 */; };
		EFA90D08253A525C000BB847 /* LaunchViewController.swift in Sources */ = {isa = PBXBuildFile; fileRef = EFA90D07253A525C000BB847 /* LaunchViewController.swift */; };
/* End PBXBuildFile section */

/* Begin PBXFileReference section */
		EF0F3F9523F2277C00521175 /* RanDog.app */ = {isa = PBXFileReference; explicitFileType = wrapper.application; includeInIndex = 0; path = RanDog.app; sourceTree = BUILT_PRODUCTS_DIR; };
		EF0F3F9823F2277C00521175 /* AppDelegate.swift */ = {isa = PBXFileReference; lastKnownFileType = sourcecode.swift; path = AppDelegate.swift; sourceTree = "<group>"; };
		EF0F3F9A23F2277C00521175 /* SceneDelegate.swift */ = {isa = PBXFileReference; lastKnownFileType = sourcecode.swift; path = SceneDelegate.swift; sourceTree = "<group>"; };
		EF0F3F9C23F2277C00521175 /* ViewController.swift */ = {isa = PBXFileReference; lastKnownFileType = sourcecode.swift; path = ViewController.swift; sourceTree = "<group>"; };
		EF0F3F9F23F2277C00521175 /* Base */ = {isa = PBXFileReference; lastKnownFileType = file.storyboard; name = Base; path = Base.lproj/Main.storyboard; sourceTree = "<group>"; };
		EF0F3FA123F2277E00521175 /* Assets.xcassets */ = {isa = PBXFileReference; lastKnownFileType = folder.assetcatalog; path = Assets.xcassets; sourceTree = "<group>"; };
		EF0F3FA423F2277E00521175 /* Base */ = {isa = PBXFileReference; lastKnownFileType = file.storyboard; name = Base; path = Base.lproj/LaunchScreen.storyboard; sourceTree = "<group>"; };
		EF0F3FA623F2277E00521175 /* Info.plist */ = {isa = PBXFileReference; lastKnownFileType = text.plist.xml; path = Info.plist; sourceTree = "<group>"; };
		EF0F3FAF23F2428800521175 /* DogAPI.swift */ = {isa = PBXFileReference; lastKnownFileType = sourcecode.swift; path = DogAPI.swift; sourceTree = "<group>"; };
		EF0F3FB123F24CE400521175 /* DogImage.swift */ = {isa = PBXFileReference; lastKnownFileType = sourcecode.swift; path = DogImage.swift; sourceTree = "<group>"; };
		EF3F631B23F514130023D3BF /* BreedListResponse.swift */ = {isa = PBXFileReference; lastKnownFileType = sourcecode.swift; path = BreedListResponse.swift; sourceTree = "<group>"; };
		EF60E08A2539309C00533358 /* randog.mp4 */ = {isa = PBXFileReference; lastKnownFileType = file; path = randog.mp4; sourceTree = "<group>"; };
		EF6BB2BF24C73AC3006B9BF0 /* ar-EG */ = {isa = PBXFileReference; lastKnownFileType = text.plist.strings; name = "ar-EG"; path = "ar-EG.lproj/Main.strings"; sourceTree = "<group>"; };
		EF6BB2C024C73AC3006B9BF0 /* ar-EG */ = {isa = PBXFileReference; lastKnownFileType = text.plist.strings; name = "ar-EG"; path = "ar-EG.lproj/LaunchScreen.strings"; sourceTree = "<group>"; };
		EF6BB2C124C7F177006B9BF0 /* ja */ = {isa = PBXFileReference; lastKnownFileType = text.plist.strings; name = ja; path = ja.lproj/Main.strings; sourceTree = "<group>"; };
		EF6BB2C224C7F177006B9BF0 /* ja */ = {isa = PBXFileReference; lastKnownFileType = text.plist.strings; name = ja; path = ja.lproj/LaunchScreen.strings; sourceTree = "<group>"; };
		EFA90D07253A525C000BB847 /* LaunchViewController.swift */ = {isa = PBXFileReference; lastKnownFileType = sourcecode.swift; path = LaunchViewController.swift; sourceTree = "<group>"; };
/* End PBXFileReference section */

/* Begin PBXFrameworksBuildPhase section */
		EF0F3F9223F2277C00521175 /* Frameworks */ = {
			isa = PBXFrameworksBuildPhase;
			buildActionMask = 2147483647;
			files = (
			);
			runOnlyForDeploymentPostprocessing = 0;
		};
/* End PBXFrameworksBuildPhase section */

/* Begin PBXGroup section */
		EF0F3F8C23F2277C00521175 = {
			isa = PBXGroup;
			children = (
				EF0F3F9723F2277C00521175 /* RanDog */,
				EF0F3F9623F2277C00521175 /* Products */,
			);
			sourceTree = "<group>";
		};
		EF0F3F9623F2277C00521175 /* Products */ = {
			isa = PBXGroup;
			children = (
				EF0F3F9523F2277C00521175 /* RanDog.app */,
			);
			name = Products;
			sourceTree = "<group>";
		};
		EF0F3F9723F2277C00521175 /* RanDog */ = {
			isa = PBXGroup;
			children = (
				EF0F3FAE23F2425000521175 /* Model */,
				EF0F3FAD23F227B200521175 /* controller */,
				EF0F3FAC23F2279700521175 /* view */,
				EF0F3FA623F2277E00521175 /* Info.plist */,
				EF60E08A2539309C00533358 /* randog.mp4 */,
			);
			path = RanDog;
			sourceTree = "<group>";
		};
		EF0F3FAC23F2279700521175 /* view */ = {
			isa = PBXGroup;
			children = (
				EF0F3F9E23F2277C00521175 /* Main.storyboard */,
				EF0F3FA123F2277E00521175 /* Assets.xcassets */,
				EF0F3FA323F2277E00521175 /* LaunchScreen.storyboard */,
			);
			path = view;
			sourceTree = "<group>";
		};
		EF0F3FAD23F227B200521175 /* controller */ = {
			isa = PBXGroup;
			children = (
				EF0F3F9823F2277C00521175 /* AppDelegate.swift */,
				EF0F3F9A23F2277C00521175 /* SceneDelegate.swift */,
				EF0F3F9C23F2277C00521175 /* ViewController.swift */,
				EFA90D07253A525C000BB847 /* LaunchViewController.swift */,
			);
			path = controller;
			sourceTree = "<group>";
		};
		EF0F3FAE23F2425000521175 /* Model */ = {
			isa = PBXGroup;
			children = (
				EF0F3FAF23F2428800521175 /* DogAPI.swift */,
				EF0F3FB123F24CE400521175 /* DogImage.swift */,
				EF3F631B23F514130023D3BF /* BreedListResponse.swift */,
			);
			path = Model;
			sourceTree = "<group>";
		};
/* End PBXGroup section */

/* Begin PBXNativeTarget section */
		EF0F3F9423F2277C00521175 /* RanDog */ = {
			isa = PBXNativeTarget;
			buildConfigurationList = EF0F3FA923F2277E00521175 /* Build configuration list for PBXNativeTarget "RanDog" */;
			buildPhases = (
				EF0F3F9123F2277C00521175 /* Sources */,
				EF0F3F9223F2277C00521175 /* Frameworks */,
				EF0F3F9323F2277C00521175 /* Resources */,
			);
			buildRules = (
			);
			dependencies = (
			);
			name = RanDog;
			productName = RanDog;
			productReference = EF0F3F9523F2277C00521175 /* RanDog.app */;
			productType = "com.apple.product-type.application";
		};
/* End PBXNativeTarget section */

/* Begin PBXProject section */
		EF0F3F8D23F2277C00521175 /* Project object */ = {
			isa = PBXProject;
			attributes = {
				LastSwiftUpdateCheck = 1120;
				LastUpgradeCheck = 1120;
				ORGANIZATIONNAME = "AHMED GAMAL ";
				TargetAttributes = {
					EF0F3F9423F2277C00521175 = {
						CreatedOnToolsVersion = 11.2.1;
					};
				};
			};
			buildConfigurationList = EF0F3F9023F2277C00521175 /* Build configuration list for PBXProject "RanDog" */;
			compatibilityVersion = "Xcode 9.3";
			developmentRegion = en;
			hasScannedForEncodings = 0;
			knownRegions = (
				en,
				Base,
				"ar-EG",
				ja,
			);
			mainGroup = EF0F3F8C23F2277C00521175;
			productRefGroup = EF0F3F9623F2277C00521175 /* Products */;
			projectDirPath = "";
			projectRoot = "";
			targets = (
				EF0F3F9423F2277C00521175 /* RanDog */,
			);
		};
/* End PBXProject section */

/* Begin PBXResourcesBuildPhase section */
		EF0F3F9323F2277C00521175 /* Resources */ = {
			isa = PBXResourcesBuildPhase;
			buildActionMask = 2147483647;
			files = (
				EF60E08B2539309C00533358 /* randog.mp4 in Resources */,
				EF0F3FA523F2277E00521175 /* LaunchScreen.storyboard in Resources */,
				EF0F3FA223F2277E00521175 /* Assets.xcassets in Resources */,
				EF0F3FA023F2277C00521175 /* Main.storyboard in Resources */,
			);
			runOnlyForDeploymentPostprocessing = 0;
		};
/* End PBXResourcesBuildPhase section */

/* Begin PBXSourcesBuildPhase section */
		EF0F3F9123F2277C00521175 /* Sources */ = {
			isa = PBXSourcesBuildPhase;
			buildActionMask = 2147483647;
			files = (
				EF0F3F9D23F2277C00521175 /* ViewController.swift in Sources */,
				EF0F3FB223F24CE400521175 /* DogImage.swift in Sources */,
				EF0F3F9923F2277C00521175 /* AppDelegate.swift in Sources */,
				EF3F631C23F514130023D3BF /* BreedListResponse.swift in Sources */,
				EF0F3F9B23F2277C00521175 /* SceneDelegate.swift in Sources */,
				EFA90D08253A525C000BB847 /* LaunchViewController.swift in Sources */,
				EF0F3FB023F2428800521175 /* DogAPI.swift in Sources */,
			);
			runOnlyForDeploymentPostprocessing = 0;
		};
/* End PBXSourcesBuildPhase section */

/* Begin PBXVariantGroup section */
		EF0F3F9E23F2277C00521175 /* Main.storyboard */ = {
			isa = PBXVariantGroup;
			children = (
				EF0F3F9F23F2277C00521175 /* Base */,
				EF6BB2BF24C73AC3006B9BF0 /* ar-EG */,
				EF6BB2C124C7F177006B9BF0 /* ja */,
			);
			name = Main.storyboard;
			sourceTree = "<group>";
		};
		EF0F3FA323F2277E00521175 /* LaunchScreen.storyboard */ = {
			isa = PBXVariantGroup;
			children = (
				EF0F3FA423F2277E00521175 /* Base */,
				EF6BB2C024C73AC3006B9BF0 /* ar-EG */,
				EF6BB2C224C7F177006B9BF0 /* ja */,
			);
			name = LaunchScreen.storyboard;
			sourceTree = "<group>";
		};
/* End PBXVariantGroup section */

/* Begin XCBuildConfiguration section */
		EF0F3FA723F2277E00521175 /* Debug */ = {
			isa = XCBuildConfiguration;
			buildSettings = {
				ALWAYS_SEARCH_USER_PATHS = NO;
				CLANG_ANALYZER_LOCALIZABILITY_NONLOCALIZED = YES;
				CLANG_ANALYZER_NONNULL = YES;
				CLANG_ANALYZER_NUMBER_OBJECT_CONVERSION = YES_AGGRESSIVE;
				CLANG_CXX_LANGUAGE_STANDARD = "gnu++14";
				CLANG_CXX_LIBRARY = "libc++";
				CLANG_ENABLE_MODULES = YES;
				CLANG_ENABLE_OBJC_ARC = YES;
				CLANG_ENABLE_OBJC_WEAK = YES;
				CLANG_WARN_BLOCK_CAPTURE_AUTORELEASING = YES;
				CLANG_WARN_BOOL_CONVERSION = YES;
				CLANG_WARN_COMMA = YES;
				CLANG_WARN_CONSTANT_CONVERSION = YES;
				CLANG_WARN_DEPRECATED_OBJC_IMPLEMENTATIONS = YES;
				CLANG_WARN_DIRECT_OBJC_ISA_USAGE = YES_ERROR;
				CLANG_WARN_DOCUMENTATION_COMMENTS = YES;
				CLANG_WARN_EMPTY_BODY = YES;
				CLANG_WARN_ENUM_CONVERSION = YES;
				CLANG_WARN_INFINITE_RECURSION = YES;
				CLANG_WARN_INT_CONVERSION = YES;
				CLANG_WARN_NON_LITERAL_NULL_CONVERSION = YES;
				CLANG_WARN_OBJC_IMPLICIT_RETAIN_SELF = YES;
				CLANG_WARN_OBJC_LITERAL_CONVERSION = YES;
				CLANG_WARN_OBJC_ROOT_CLASS = YES_ERROR;
				CLANG_WARN_RANGE_LOOP_ANALYSIS = YES;
				CLANG_WARN_STRICT_PROTOTYPES = YES;
				CLANG_WARN_SUSPICIOUS_MOVE = YES;
				CLANG_WARN_UNGUARDED_AVAILABILITY = YES_AGGRESSIVE;
				CLANG_WARN_UNREACHABLE_CODE = YES;
				CLANG_WARN__DUPLICATE_METHOD_MATCH = YES;
				COPY_PHASE_STRIP = NO;
				DEBUG_INFORMATION_FORMAT = dwarf;
				ENABLE_STRICT_OBJC_MSGSEND = YES;
				ENABLE_TESTABILITY = YES;
				GCC_C_LANGUAGE_STANDARD = gnu11;
				GCC_DYNAMIC_NO_PIC = NO;
				GCC_NO_COMMON_BLOCKS = YES;
				GCC_OPTIMIZATION_LEVEL = 0;
				GCC_PREPROCESSOR_DEFINITIONS = (
					"DEBUG=1",
					"$(inherited)",
				);
				GCC_WARN_64_TO_32_BIT_CONVERSION = YES;
				GCC_WARN_ABOUT_RETURN_TYPE = YES_ERROR;
				GCC_WARN_UNDECLARED_SELECTOR = YES;
				GCC_WARN_UNINITIALIZED_AUTOS = YES_AGGRESSIVE;
				GCC_WARN_UNUSED_FUNCTION = YES;
				GCC_WARN_UNUSED_VARIABLE = YES;
				IPHONEOS_DEPLOYMENT_TARGET = 13.2;
				MTL_ENABLE_DEBUG_INFO = INCLUDE_SOURCE;
				MTL_FAST_MATH = YES;
				ONLY_ACTIVE_ARCH = YES;
				SDKROOT = iphoneos;
				SWIFT_ACTIVE_COMPILATION_CONDITIONS = DEBUG;
				SWIFT_OPTIMIZATION_LEVEL = "-Onone";
			};
			name = Debug;
		};
		EF0F3FA823F2277E00521175 /* Release */ = {
			isa = XCBuildConfiguration;
			buildSettings = {
				ALWAYS_SEARCH_USER_PATHS = NO;
				CLANG_ANALYZER_LOCALIZABILITY_NONLOCALIZED = YES;
				CLANG_ANALYZER_NONNULL = YES;
				CLANG_ANALYZER_NUMBER_OBJECT_CONVERSION = YES_AGGRESSIVE;
				CLANG_CXX_LANGUAGE_STANDARD = "gnu++14";
				CLANG_CXX_LIBRARY = "libc++";
				CLANG_ENABLE_MODULES = YES;
				CLANG_ENABLE_OBJC_ARC = YES;
				CLANG_ENABLE_OBJC_WEAK = YES;
				CLANG_WARN_BLOCK_CAPTURE_AUTORELEASING = YES;
				CLANG_WARN_BOOL_CONVERSION = YES;
				CLANG_WARN_COMMA = YES;
				CLANG_WARN_CONSTANT_CONVERSION = YES;
				CLANG_WARN_DEPRECATED_OBJC_IMPLEMENTATIONS = YES;
				CLANG_WARN_DIRECT_OBJC_ISA_USAGE = YES_ERROR;
				CLANG_WARN_DOCUMENTATION_COMMENTS = YES;
				CLANG_WARN_EMPTY_BODY = YES;
				CLANG_WARN_ENUM_CONVERSION = YES;
				CLANG_WARN_INFINITE_RECURSION = YES;
				CLANG_WARN_INT_CONVERSION = YES;
				CLANG_WARN_NON_LITERAL_NULL_CONVERSION = YES;
				CLANG_WARN_OBJC_IMPLICIT_RETAIN_SELF = YES;
				CLANG_WARN_OBJC_LITERAL_CONVERSION = YES;
				CLANG_WARN_OBJC_ROOT_CLASS = YES_ERROR;
				CLANG_WARN_RANGE_LOOP_ANALYSIS = YES;
				CLANG_WARN_STRICT_PROTOTYPES = YES;
				CLANG_WARN_SUSPICIOUS_MOVE = YES;
				CLANG_WARN_UNGUARDED_AVAILABILITY = YES_AGGRESSIVE;
				CLANG_WARN_UNREACHABLE_CODE = YES;
				CLANG_WARN__DUPLICATE_METHOD_MATCH = YES;
				COPY_PHASE_STRIP = NO;
				DEBUG_INFORMATION_FORMAT = "dwarf-with-dsym";
				ENABLE_NS_ASSERTIONS = NO;
				ENABLE_STRICT_OBJC_MSGSEND = YES;
				GCC_C_LANGUAGE_STANDARD = gnu11;
				GCC_NO_COMMON_BLOCKS = YES;
				GCC_WARN_64_TO_32_BIT_CONVERSION = YES;
				GCC_WARN_ABOUT_RETURN_TYPE = YES_ERROR;
				GCC_WARN_UNDECLARED_SELECTOR = YES;
				GCC_WARN_UNINITIALIZED_AUTOS = YES_AGGRESSIVE;
				GCC_WARN_UNUSED_FUNCTION = YES;
				GCC_WARN_UNUSED_VARIABLE = YES;
				IPHONEOS_DEPLOYMENT_TARGET = 13.2;
				MTL_ENABLE_DEBUG_INFO = NO;
				MTL_FAST_MATH = YES;
				SDKROOT = iphoneos;
				SWIFT_COMPILATION_MODE = wholemodule;
				SWIFT_OPTIMIZATION_LEVEL = "-O";
				VALIDATE_PRODUCT = YES;
			};
			name = Release;
		};
		EF0F3FAA23F2277E00521175 /* Debug */ = {
			isa = XCBuildConfiguration;
			buildSettings = {
				ASSETCATALOG_COMPILER_APPICON_NAME = AppIcon;
				CODE_SIGN_STYLE = Automatic;
				DEVELOPMENT_TEAM = 376L6GYCXP;
				INFOPLIST_FILE = RanDog/Info.plist;
				LD_RUNPATH_SEARCH_PATHS = (
					"$(inherited)",
					"@executable_path/Frameworks",
				);
				PRODUCT_BUNDLE_IDENTIFIER = "AHMED-GAMAL-.-RanDog.RanDog";
				PRODUCT_NAME = "$(TARGET_NAME)";
				SWIFT_VERSION = 5.0;
				TARGETED_DEVICE_FAMILY = "1,2";
			};
			name = Debug;
		};
		EF0F3FAB23F2277E00521175 /* Release */ = {
			isa = XCBuildConfiguration;
			buildSettings = {
				ASSETCATALOG_COMPILER_APPICON_NAME = AppIcon;
				CODE_SIGN_STYLE = Automatic;
				DEVELOPMENT_TEAM = 376L6GYCXP;
				INFOPLIST_FILE = RanDog/Info.plist;
				LD_RUNPATH_SEARCH_PATHS = (
					"$(inherited)",
					"@executable_path/Frameworks",
				);
				PRODUCT_BUNDLE_IDENTIFIER = "AHMED-GAMAL-.-RanDog.RanDog";
				PRODUCT_NAME = "$(TARGET_NAME)";
				SWIFT_VERSION = 5.0;
				TARGETED_DEVICE_FAMILY = "1,2";
			};
			name = Release;
		};
/* End XCBuildConfiguration section */

/* Begin XCConfigurationList section */
		EF0F3F9023F2277C00521175 /* Build configuration list for PBXProject "RanDog" */ = {
			isa = XCConfigurationList;
			buildConfigurations = (
				EF0F3FA723F2277E00521175 /* Debug */,
				EF0F3FA823F2277E00521175 /* Release */,
			);
			defaultConfigurationIsVisible = 0;
			defaultConfigurationName = Release;
		};
		EF0F3FA923F2277E00521175 /* Build configuration list for PBXNativeTarget "RanDog" */ = {
			isa = XCConfigurationList;
			buildConfigurations = (
				EF0F3FAA23F2277E00521175 /* Debug */,
				EF0F3FAB23F2277E00521175 /* Release */,
			);
			defaultConfigurationIsVisible = 0;
			defaultConfigurationName = Release;
		};
/* End XCConfigurationList section */
	};
	rootObject = EF0F3F8D23F2277C00521175 /* Project object */;
}
